
Microsoft Visual Studio Solution File, Format Version 12.00
# Visual Studio Version 17
VisualStudioVersion = 17.8.34309.116
MinimumVisualStudioVersion = 10.0.40219.1
Project("{FAE04EC0-301F-11D3-BF4B-00C04F79EFBC}") = "StartDataBase", "Batch\StartDataBase\StartDataBase.csproj", "{609B952B-4333-4FDD-BB63-52040B164DAD}"
EndProject
Global
	GlobalSection(SolutionConfigurationPlatforms) = preSolution
		Debug|Any CPU = Debug|Any CPU
		Release|Any CPU = Release|Any CPU
	EndGlobalSection
	GlobalSection(ProjectConfigurationPlatforms) = postSolution
		{609B952B-4333-4FDD-BB63-52040B164DAD}.Debug|Any CPU.ActiveCfg = Debug|Any CPU
		{609B952B-4333-4FDD-BB63-52040B164DAD}.Debug|Any CPU.Build.0 = Debug|Any CPU
		{609B952B-4333-4FDD-BB63-52040B164DAD}.Release|Any CPU.ActiveCfg = Release|Any CPU
		{609B952B-4333-4FDD-BB63-52040B164DAD}.Release|Any CPU.Build.0 = Release|Any CPU
	EndGlobalSection
	GlobalSection(SolutionProperties) = preSolution
		HideSolutionNode = FALSE
	EndGlobalSection
	GlobalSection(ExtensibilityGlobals) = postSolution
		SolutionGuid = {2605A4BE-0B72-473F-83CA-36096B40E254}
	EndGlobalSection
EndGlobal
